// !$*UTF8*$!
{
	archiveVersion = 1;
	classes = {
	};
	objectVersion = 50;
	objects = {

/* Begin PBXBuildFile section */
		873CA5DD25AA25720073A922 /* AppDelegate.swift in Sources */ = {isa = PBXBuildFile; fileRef = 873CA5DC25AA25720073A922 /* AppDelegate.swift */; };
		873CA5DF25AA25720073A922 /* GameScene.sks in Resources */ = {isa = PBXBuildFile; fileRef = 873CA5DE25AA25720073A922 /* GameScene.sks */; };
		873CA5E325AA25720073A922 /* GameScene.swift in Sources */ = {isa = PBXBuildFile; fileRef = 873CA5E225AA25720073A922 /* GameScene.swift */; };
		873CA5E525AA25720073A922 /* GameViewController.swift in Sources */ = {isa = PBXBuildFile; fileRef = 873CA5E425AA25720073A922 /* GameViewController.swift */; };
		873CA5E825AA25720073A922 /* Main.storyboard in Resources */ = {isa = PBXBuildFile; fileRef = 873CA5E625AA25720073A922 /* Main.storyboard */; };
		873CA5EA25AA25730073A922 /* Assets.xcassets in Resources */ = {isa = PBXBuildFile; fileRef = 873CA5E925AA25730073A922 /* Assets.xcassets */; };
		8771954E25B31AD600450ED8 /* thunderClap.mp3 in Resources */ = {isa = PBXBuildFile; fileRef = 8771954D25B31AD500450ED8 /* thunderClap.mp3 */; };
/* End PBXBuildFile section */

/* Begin PBXFileReference section */
		873CA5D925AA25720073A922 /* LightningGenerator.app */ = {isa = PBXFileReference; explicitFileType = wrapper.application; includeInIndex = 0; path = LightningGenerator.app; sourceTree = BUILT_PRODUCTS_DIR; };
		873CA5DC25AA25720073A922 /* AppDelegate.swift */ = {isa = PBXFileReference; lastKnownFileType = sourcecode.swift; path = AppDelegate.swift; sourceTree = "<group>"; };
		873CA5DE25AA25720073A922 /* GameScene.sks */ = {isa = PBXFileReference; lastKnownFileType = file.sks; path = GameScene.sks; sourceTree = "<group>"; };
		873CA5E225AA25720073A922 /* GameScene.swift */ = {isa = PBXFileReference; lastKnownFileType = sourcecode.swift; path = GameScene.swift; sourceTree = "<group>"; };
		873CA5E425AA25720073A922 /* GameViewController.swift */ = {isa = PBXFileReference; lastKnownFileType = sourcecode.swift; path = GameViewController.swift; sourceTree = "<group>"; };
		873CA5E725AA25720073A922 /* Base */ = {isa = PBXFileReference; lastKnownFileType = file.storyboard; name = Base; path = Base.lproj/Main.storyboard; sourceTree = "<group>"; };
		873CA5E925AA25730073A922 /* Assets.xcassets */ = {isa = PBXFileReference; lastKnownFileType = folder.assetcatalog; path = Assets.xcassets; sourceTree = "<group>"; };
		873CA5EB25AA25730073A922 /* Info.plist */ = {isa = PBXFileReference; lastKnownFileType = text.plist.xml; path = Info.plist; sourceTree = "<group>"; };
		8771954D25B31AD500450ED8 /* thunderClap.mp3 */ = {isa = PBXFileReference; lastKnownFileType = audio.mp3; path = thunderClap.mp3; sourceTree = SOURCE_ROOT; };
/* End PBXFileReference section */

/* Begin PBXFrameworksBuildPhase section */
		873CA5D625AA25720073A922 /* Frameworks */ = {
			isa = PBXFrameworksBuildPhase;
			buildActionMask = 2147483647;
			files = (
			);
			runOnlyForDeploymentPostprocessing = 0;
		};
/* End PBXFrameworksBuildPhase section */

/* Begin PBXGroup section */
		873CA5D025AA25720073A922 = {
			isa = PBXGroup;
			children = (
				873CA5DB25AA25720073A922 /* LightningGenerator */,
				873CA5DA25AA25720073A922 /* Products */,
			);
			sourceTree = "<group>";
		};
		873CA5DA25AA25720073A922 /* Products */ = {
			isa = PBXGroup;
			children = (
				873CA5D925AA25720073A922 /* LightningGenerator.app */,
			);
			name = Products;
			sourceTree = "<group>";
		};
		873CA5DB25AA25720073A922 /* LightningGenerator */ = {
			isa = PBXGroup;
			children = (
				873CA5DC25AA25720073A922 /* AppDelegate.swift */,
				873CA5DE25AA25720073A922 /* GameScene.sks */,
				873CA5E225AA25720073A922 /* GameScene.swift */,
				873CA5E425AA25720073A922 /* GameViewController.swift */,
				8771954D25B31AD500450ED8 /* thunderClap.mp3 */,
				873CA5E625AA25720073A922 /* Main.storyboard */,
				873CA5E925AA25730073A922 /* Assets.xcassets */,
				873CA5EB25AA25730073A922 /* Info.plist */,
			);
			path = LightningGenerator;
			sourceTree = "<group>";
		};
/* End PBXGroup section */

/* Begin PBXNativeTarget section */
		873CA5D825AA25720073A922 /* LightningGenerator */ = {
			isa = PBXNativeTarget;
			buildConfigurationList = 873CA5EE25AA25730073A922 /* Build configuration list for PBXNativeTarget "LightningGenerator" */;
			buildPhases = (
				873CA5D525AA25720073A922 /* Sources */,
				873CA5D625AA25720073A922 /* Frameworks */,
				873CA5D725AA25720073A922 /* Resources */,
			);
			buildRules = (
			);
			dependencies = (
			);
			name = LightningGenerator;
			productName = LightningGenerator;
			productReference = 873CA5D925AA25720073A922 /* LightningGenerator.app */;
			productType = "com.apple.product-type.application";
		};
/* End PBXNativeTarget section */

/* Begin PBXProject section */
		873CA5D125AA25720073A922 /* Project object */ = {
			isa = PBXProject;
			attributes = {
				LastSwiftUpdateCheck = 1230;
				LastUpgradeCheck = 1230;
				TargetAttributes = {
					873CA5D825AA25720073A922 = {
						CreatedOnToolsVersion = 12.3;
					};
				};
			};
			buildConfigurationList = 873CA5D425AA25720073A922 /* Build configuration list for PBXProject "LightningGenerator" */;
			compatibilityVersion = "Xcode 9.3";
			developmentRegion = en;
			hasScannedForEncodings = 0;
			knownRegions = (
				en,
				Base,
			);
			mainGroup = 873CA5D025AA25720073A922;
			productRefGroup = 873CA5DA25AA25720073A922 /* Products */;
			projectDirPath = "";
			projectRoot = "";
			targets = (
				873CA5D825AA25720073A922 /* LightningGenerator */,
			);
		};
/* End PBXProject section */

/* Begin PBXResourcesBuildPhase section */
		873CA5D725AA25720073A922 /* Resources */ = {
			isa = PBXResourcesBuildPhase;
			buildActionMask = 2147483647;
			files = (
				873CA5E825AA25720073A922 /* Main.storyboard in Resources */,
				873CA5DF25AA25720073A922 /* GameScene.sks in Resources */,
				873CA5EA25AA25730073A922 /* Assets.xcassets in Resources */,
				8771954E25B31AD600450ED8 /* thunderClap.mp3 in Resources */,
			);
			runOnlyForDeploymentPostprocessing = 0;
		};
/* End PBXResourcesBuildPhase section */

/* Begin PBXSourcesBuildPhase section */
		873CA5D525AA25720073A922 /* Sources */ = {
			isa = PBXSourcesBuildPhase;
			buildActionMask = 2147483647;
			files = (
				873CA5E325AA25720073A922 /* GameScene.swift in Sources */,
				873CA5E525AA25720073A922 /* GameViewController.swift in Sources */,
				873CA5DD25AA25720073A922 /* AppDelegate.swift in Sources */,
			);
			runOnlyForDeploymentPostprocessing = 0;
		};
/* End PBXSourcesBuildPhase section */

/* Begin PBXVariantGroup section */
		873CA5E625AA25720073A922 /* Main.storyboard */ = {
			isa = PBXVariantGroup;
			children = (
				873CA5E725AA25720073A922 /* Base */,
			);
			name = Main.storyboard;
			sourceTree = "<group>";
		};
/* End PBXVariantGroup section */

/* Begin XCBuildConfiguration section */
		873CA5EC25AA25730073A922 /* Debug */ = {
			isa = XCBuildConfiguration;
			buildSettings = {
				ALWAYS_SEARCH_USER_PATHS = NO;
				CLANG_ANALYZER_NONNULL = YES;
				CLANG_ANALYZER_NUMBER_OBJECT_CONVERSION = YES_AGGRESSIVE;
				CLANG_CXX_LANGUAGE_STANDARD = "gnu++14";
				CLANG_CXX_LIBRARY = "libc++";
				CLANG_ENABLE_MODULES = YES;
				CLANG_ENABLE_OBJC_ARC = YES;
				CLANG_ENABLE_OBJC_WEAK = YES;
				CLANG_WARN_BLOCK_CAPTURE_AUTORELEASING = YES;
				CLANG_WARN_BOOL_CONVERSION = YES;
				CLANG_WARN_COMMA = YES;
				CLANG_WARN_CONSTANT_CONVERSION = YES;
				CLANG_WARN_DEPRECATED_OBJC_IMPLEMENTATIONS = YES;
				CLANG_WARN_DIRECT_OBJC_ISA_USAGE = YES_ERROR;
				CLANG_WARN_DOCUMENTATION_COMMENTS = YES;
				CLANG_WARN_EMPTY_BODY = YES;
				CLANG_WARN_ENUM_CONVERSION = YES;
				CLANG_WARN_INFINITE_RECURSION = YES;
				CLANG_WARN_INT_CONVERSION = YES;
				CLANG_WARN_NON_LITERAL_NULL_CONVERSION = YES;
				CLANG_WARN_OBJC_IMPLICIT_RETAIN_SELF = YES;
				CLANG_WARN_OBJC_LITERAL_CONVERSION = YES;
				CLANG_WARN_OBJC_ROOT_CLASS = YES_ERROR;
				CLANG_WARN_QUOTED_INCLUDE_IN_FRAMEWORK_HEADER = YES;
				CLANG_WARN_RANGE_LOOP_ANALYSIS = YES;
				CLANG_WARN_STRICT_PROTOTYPES = YES;
				CLANG_WARN_SUSPICIOUS_MOVE = YES;
				CLANG_WARN_UNGUARDED_AVAILABILITY = YES_AGGRESSIVE;
				CLANG_WARN_UNREACHABLE_CODE = YES;
				CLANG_WARN__DUPLICATE_METHOD_MATCH = YES;
				COPY_PHASE_STRIP = NO;
				DEBUG_INFORMATION_FORMAT = dwarf;
				ENABLE_STRICT_OBJC_MSGSEND = YES;
				ENABLE_TESTABILITY = YES;
				GCC_C_LANGUAGE_STANDARD = gnu11;
				GCC_DYNAMIC_NO_PIC = NO;
				GCC_NO_COMMON_BLOCKS = YES;
				GCC_OPTIMIZATION_LEVEL = 0;
				GCC_PREPROCESSOR_DEFINITIONS = (
					"DEBUG=1",
					"$(inherited)",
				);
				GCC_WARN_64_TO_32_BIT_CONVERSION = YES;
				GCC_WARN_ABOUT_RETURN_TYPE = YES_ERROR;
				GCC_WARN_UNDECLARED_SELECTOR = YES;
				GCC_WARN_UNINITIALIZED_AUTOS = YES_AGGRESSIVE;
				GCC_WARN_UNUSED_FUNCTION = YES;
				GCC_WARN_UNUSED_VARIABLE = YES;
				IPHONEOS_DEPLOYMENT_TARGET = 14.3;
				MTL_ENABLE_DEBUG_INFO = INCLUDE_SOURCE;
				MTL_FAST_MATH = YES;
				ONLY_ACTIVE_ARCH = YES;
				SDKROOT = iphoneos;
				SWIFT_ACTIVE_COMPILATION_CONDITIONS = DEBUG;
				SWIFT_OPTIMIZATION_LEVEL = "-Onone";
			};
			name = Debug;
		};
		873CA5ED25AA25730073A922 /* Release */ = {
			isa = XCBuildConfiguration;
			buildSettings = {
				ALWAYS_SEARCH_USER_PATHS = NO;
				CLANG_ANALYZER_NONNULL = YES;
				CLANG_ANALYZER_NUMBER_OBJECT_CONVERSION = YES_AGGRESSIVE;
				CLANG_CXX_LANGUAGE_STANDARD = "gnu++14";
				CLANG_CXX_LIBRARY = "libc++";
				CLANG_ENABLE_MODULES = YES;
				CLANG_ENABLE_OBJC_ARC = YES;
				CLANG_ENABLE_OBJC_WEAK = YES;
				CLANG_WARN_BLOCK_CAPTURE_AUTORELEASING = YES;
				CLANG_WARN_BOOL_CONVERSION = YES;
				CLANG_WARN_COMMA = YES;
				CLANG_WARN_CONSTANT_CONVERSION = YES;
				CLANG_WARN_DEPRECATED_OBJC_IMPLEMENTATIONS = YES;
				CLANG_WARN_DIRECT_OBJC_ISA_USAGE = YES_ERROR;
				CLANG_WARN_DOCUMENTATION_COMMENTS = YES;
				CLANG_WARN_EMPTY_BODY = YES;
				CLANG_WARN_ENUM_CONVERSION = YES;
				CLANG_WARN_INFINITE_RECURSION = YES;
				CLANG_WARN_INT_CONVERSION = YES;
				CLANG_WARN_NON_LITERAL_NULL_CONVERSION = YES;
				CLANG_WARN_OBJC_IMPLICIT_RETAIN_SELF = YES;
				CLANG_WARN_OBJC_LITERAL_CONVERSION = YES;
				CLANG_WARN_OBJC_ROOT_CLASS = YES_ERROR;
				CLANG_WARN_QUOTED_INCLUDE_IN_FRAMEWORK_HEADER = YES;
				CLANG_WARN_RANGE_LOOP_ANALYSIS = YES;
				CLANG_WARN_STRICT_PROTOTYPES = YES;
				CLANG_WARN_SUSPICIOUS_MOVE = YES;
				CLANG_WARN_UNGUARDED_AVAILABILITY = YES_AGGRESSIVE;
				CLANG_WARN_UNREACHABLE_CODE = YES;
				CLANG_WARN__DUPLICATE_METHOD_MATCH = YES;
				COPY_PHASE_STRIP = NO;
				DEBUG_INFORMATION_FORMAT = "dwarf-with-dsym";
				ENABLE_NS_ASSERTIONS = NO;
				ENABLE_STRICT_OBJC_MSGSEND = YES;
				GCC_C_LANGUAGE_STANDARD = gnu11;
				GCC_NO_COMMON_BLOCKS = YES;
				GCC_WARN_64_TO_32_BIT_CONVERSION = YES;
				GCC_WARN_ABOUT_RETURN_TYPE = YES_ERROR;
				GCC_WARN_UNDECLARED_SELECTOR = YES;
				GCC_WARN_UNINITIALIZED_AUTOS = YES_AGGRESSIVE;
				GCC_WARN_UNUSED_FUNCTION = YES;
				GCC_WARN_UNUSED_VARIABLE = YES;
				IPHONEOS_DEPLOYMENT_TARGET = 14.3;
				MTL_ENABLE_DEBUG_INFO = NO;
				MTL_FAST_MATH = YES;
				SDKROOT = iphoneos;
				SWIFT_COMPILATION_MODE = wholemodule;
				SWIFT_OPTIMIZATION_LEVEL = "-O";
				VALIDATE_PRODUCT = YES;
			};
			name = Release;
		};
		873CA5EF25AA25730073A922 /* Debug */ = {
			isa = XCBuildConfiguration;
			buildSettings = {
				ASSETCATALOG_COMPILER_APPICON_NAME = AppIcon;
				ASSETCATALOG_COMPILER_GLOBAL_ACCENT_COLOR_NAME = AccentColor;
				CODE_SIGN_STYLE = Automatic;
				DEVELOPMENT_TEAM = JVC9F9SKEB;
				INFOPLIST_FILE = LightningGenerator/Info.plist;
				IPHONEOS_DEPLOYMENT_TARGET = 13.0;
				LD_RUNPATH_SEARCH_PATHS = (
					"$(inherited)",
					"@executable_path/Frameworks",
				);
				PRODUCT_BUNDLE_IDENTIFIER = com.artturijalli.LightningGenerator;
				PRODUCT_NAME = "$(TARGET_NAME)";
				SWIFT_VERSION = 5.0;
				TARGETED_DEVICE_FAMILY = "1,2";
			};
			name = Debug;
		};
		873CA5F025AA25730073A922 /* Release */ = {
			isa = XCBuildConfiguration;
			buildSettings = {
				ASSETCATALOG_COMPILER_APPICON_NAME = AppIcon;
				ASSETCATALOG_COMPILER_GLOBAL_ACCENT_COLOR_NAME = AccentColor;
				CODE_SIGN_STYLE = Automatic;
				DEVELOPMENT_TEAM = JVC9F9SKEB;
				INFOPLIST_FILE = LightningGenerator/Info.plist;
				IPHONEOS_DEPLOYMENT_TARGET = 13.0;
				LD_RUNPATH_SEARCH_PATHS = (
					"$(inherited)",
					"@executable_path/Frameworks",
				);
				PRODUCT_BUNDLE_IDENTIFIER = com.artturijalli.LightningGenerator;
				PRODUCT_NAME = "$(TARGET_NAME)";
				SWIFT_VERSION = 5.0;
				TARGETED_DEVICE_FAMILY = "1,2";
			};
			name = Release;
		};
/* End XCBuildConfiguration section */

/* Begin XCConfigurationList section */
		873CA5D425AA25720073A922 /* Build configuration list for PBXProject "LightningGenerator" */ = {
			isa = XCConfigurationList;
			buildConfigurations = (
				873CA5EC25AA25730073A922 /* Debug */,
				873CA5ED25AA25730073A922 /* Release */,
			);
			defaultConfigurationIsVisible = 0;
			defaultConfigurationName = Release;
		};
		873CA5EE25AA25730073A922 /* Build configuration list for PBXNativeTarget "LightningGenerator" */ = {
			isa = XCConfigurationList;
			buildConfigurations = (
				873CA5EF25AA25730073A922 /* Debug */,
				873CA5F025AA25730073A922 /* Release */,
			);
			defaultConfigurationIsVisible = 0;
			defaultConfigurationName = Release;
		};
/* End XCConfigurationList section */
	};
	rootObject = 873CA5D125AA25720073A922 /* Project object */;
}
